{
  "name": "triage-finding-fixture",
  "version": "0.0.0",
  "lockfileVersion": 3,
  "requires": true,
  "packages": {
    "": {
      "name": "triage-finding-fixture",
      "version": "0.0.0",
      "dependencies": {
        "express": "4.18.2",
        "safe-parse": "3.2.1",
        "vulnerable-parse": "1.2.3"
      }
    },
    "node_modules/safe-parse": {
      "version": "3.2.1",
      "resolved": "https://registry.npmjs.org/safe-parse/-/safe-parse-3.2.1.tgz"
    },
    "node_modules/vulnerable-parse": {
      "version": "1.2.3",
      "resolved": "https://registry.npmjs.org/vulnerable-parse/-/vulnerable-parse-1.2.3.tgz"
    }
  }
}
